
Microsoft Visual Studio Solution File, Format Version 12.00
Project("{FAE04EC0-301F-11D3-BF4B-00C04F79EFBC}") = "BLL", "BLL\BLL.csproj", "{FCA6C163-95E4-48E8-819C-B7BB2307ADC3}"
EndProject
Project("{FAE04EC0-301F-11D3-BF4B-00C04F79EFBC}") = "Reports.Tests", "Reports.Tests\Reports.Tests.csproj", "{7C7C1B1D-52CC-4CDC-A4D8-D71E2261A297}"
EndProject
Project("{FAE04EC0-301F-11D3-BF4B-00C04F79EFBC}") = "DAL", "DAL\DAL.csproj", "{5AB35AB1-399E-43F2-B1FE-BEDA3540FE79}"
EndProject
Global
	GlobalSection(SolutionConfigurationPlatforms) = preSolution
		Debug|Any CPU = Debug|Any CPU
		Release|Any CPU = Release|Any CPU
	EndGlobalSection
	GlobalSection(ProjectConfigurationPlatforms) = postSolution
		{FCA6C163-95E4-48E8-819C-B7BB2307ADC3}.Debug|Any CPU.ActiveCfg = Debug|Any CPU
		{FCA6C163-95E4-48E8-819C-B7BB2307ADC3}.Debug|Any CPU.Build.0 = Debug|Any CPU
		{FCA6C163-95E4-48E8-819C-B7BB2307ADC3}.Release|Any CPU.ActiveCfg = Release|Any CPU
		{FCA6C163-95E4-48E8-819C-B7BB2307ADC3}.Release|Any CPU.Build.0 = Release|Any CPU
		{7C7C1B1D-52CC-4CDC-A4D8-D71E2261A297}.Debug|Any CPU.ActiveCfg = Debug|Any CPU
		{7C7C1B1D-52CC-4CDC-A4D8-D71E2261A297}.Debug|Any CPU.Build.0 = Debug|Any CPU
		{7C7C1B1D-52CC-4CDC-A4D8-D71E2261A297}.Release|Any CPU.ActiveCfg = Release|Any CPU
		{7C7C1B1D-52CC-4CDC-A4D8-D71E2261A297}.Release|Any CPU.Build.0 = Release|Any CPU
		{5AB35AB1-399E-43F2-B1FE-BEDA3540FE79}.Debug|Any CPU.ActiveCfg = Debug|Any CPU
		{5AB35AB1-399E-43F2-B1FE-BEDA3540FE79}.Debug|Any CPU.Build.0 = Debug|Any CPU
		{5AB35AB1-399E-43F2-B1FE-BEDA3540FE79}.Release|Any CPU.ActiveCfg = Release|Any CPU
		{5AB35AB1-399E-43F2-B1FE-BEDA3540FE79}.Release|Any CPU.Build.0 = Release|Any CPU
	EndGlobalSection
EndGlobal
